
Microsoft Visual Studio Solution File, Format Version 12.00
Project("{FAE04EC0-301F-11D3-BF4B-00C04F79EFBC}") = "dnSpy.Extension.EasyRename", "dnSpy.Extension.EasyRename\dnSpy.Extension.EasyRename.csproj", "{BBB79652-EE83-4A22-9557-637C2A2E292F}"
EndProject
Project("{2150E333-8FDC-42A3-9474-1A3956D46DE8}") = "dnSpy", "dnSpy", "{9CE84891-D1D7-4AB9-B19A-D7CEABBAF94F}"
EndProject
Project("{FAE04EC0-301F-11D3-BF4B-00C04F79EFBC}") = "dnSpy", "deps\dnSpy\dnSpy\dnSpy\dnSpy.csproj", "{125C3478-FC4C-4EC0-9103-024877EBE4E8}"
EndProject
Project("{FAE04EC0-301F-11D3-BF4B-00C04F79EFBC}") = "dnSpy.Contracts.DnSpy", "deps\dnSpy\dnSpy\dnSpy.Contracts.DnSpy\dnSpy.Contracts.DnSpy.csproj", "{86E3E219-A389-41B7-BBDF-78E88370795C}"
EndProject
Global
	GlobalSection(SolutionConfigurationPlatforms) = preSolution
		Debug|Any CPU = Debug|Any CPU
		Release|Any CPU = Release|Any CPU
	EndGlobalSection
	GlobalSection(ProjectConfigurationPlatforms) = postSolution
		{BBB79652-EE83-4A22-9557-637C2A2E292F}.Debug|Any CPU.ActiveCfg = Debug|Any CPU
		{BBB79652-EE83-4A22-9557-637C2A2E292F}.Debug|Any CPU.Build.0 = Debug|Any CPU
		{BBB79652-EE83-4A22-9557-637C2A2E292F}.Release|Any CPU.ActiveCfg = Release|Any CPU
		{BBB79652-EE83-4A22-9557-637C2A2E292F}.Release|Any CPU.Build.0 = Release|Any CPU
		{125C3478-FC4C-4EC0-9103-024877EBE4E8}.Debug|Any CPU.ActiveCfg = Debug|Any CPU
		{125C3478-FC4C-4EC0-9103-024877EBE4E8}.Debug|Any CPU.Build.0 = Debug|Any CPU
		{125C3478-FC4C-4EC0-9103-024877EBE4E8}.Release|Any CPU.ActiveCfg = Release|Any CPU
		{86E3E219-A389-41B7-BBDF-78E88370795C}.Debug|Any CPU.ActiveCfg = Debug|Any CPU
		{86E3E219-A389-41B7-BBDF-78E88370795C}.Debug|Any CPU.Build.0 = Debug|Any CPU
		{86E3E219-A389-41B7-BBDF-78E88370795C}.Release|Any CPU.ActiveCfg = Release|Any CPU
		{86E3E219-A389-41B7-BBDF-78E88370795C}.Release|Any CPU.Build.0 = Release|Any CPU
	EndGlobalSection
	GlobalSection(NestedProjects) = preSolution
		{125C3478-FC4C-4EC0-9103-024877EBE4E8} = {9CE84891-D1D7-4AB9-B19A-D7CEABBAF94F}
		{86E3E219-A389-41B7-BBDF-78E88370795C} = {9CE84891-D1D7-4AB9-B19A-D7CEABBAF94F}
	EndGlobalSection
EndGlobal
